// !$*UTF8*$!
{
	archiveVersion = 1;
	classes = {
	};
	objectVersion = 52;
	objects = {

/* Begin PBXBuildFile section */
		012EB20525CCB1040048EC79 /* MainWindowController.swift in Sources */ = {isa = PBXBuildFile; fileRef = 012EB20425CCB1040048EC79 /* MainWindowController.swift */; };
		0151E90925CBA808003E6BB8 /* AppDelegate.swift in Sources */ = {isa = PBXBuildFile; fileRef = 0151E90825CBA808003E6BB8 /* AppDelegate.swift */; };
		0151E90B25CBA808003E6BB8 /* ViewController.swift in Sources */ = {isa = PBXBuildFile; fileRef = 0151E90A25CBA808003E6BB8 /* ViewController.swift */; };
		0151E90D25CBA80A003E6BB8 /* Assets.xcassets in Resources */ = {isa = PBXBuildFile; fileRef = 0151E90C25CBA80A003E6BB8 /* Assets.xcassets */; };
		0151E91025CBA80A003E6BB8 /* Main.storyboard in Resources */ = {isa = PBXBuildFile; fileRef = 0151E90E25CBA80A003E6BB8 /* Main.storyboard */; };
		0151E91C25CBA80A003E6BB8 /* LogViewerTests.swift in Sources */ = {isa = PBXBuildFile; fileRef = 0151E91B25CBA80A003E6BB8 /* LogViewerTests.swift */; };
		0151E92725CBA80A003E6BB8 /* LogViewerUITests.swift in Sources */ = {isa = PBXBuildFile; fileRef = 0151E92625CBA80A003E6BB8 /* LogViewerUITests.swift */; };
		0151E93825CBA8A1003E6BB8 /* LogReaderOperation.swift in Sources */ = {isa = PBXBuildFile; fileRef = 0151E93725CBA8A1003E6BB8 /* LogReaderOperation.swift */; };
		0151E93E25CBA91B003E6BB8 /* Zip in Frameworks */ = {isa = PBXBuildFile; productRef = 0151E93D25CBA91B003E6BB8 /* Zip */; };
		0151E94325CBB3C4003E6BB8 /* Log.swift in Sources */ = {isa = PBXBuildFile; fileRef = 0151E94225CBB3C4003E6BB8 /* Log.swift */; };
		0151E95325CC11E0003E6BB8 /* SourceListViewController.swift in Sources */ = {isa = PBXBuildFile; fileRef = 0151E95225CC11E0003E6BB8 /* SourceListViewController.swift */; };
		0151E95825CC1DC7003E6BB8 /* DetailTabViewController.swift in Sources */ = {isa = PBXBuildFile; fileRef = 0151E95725CC1DC7003E6BB8 /* DetailTabViewController.swift */; };
		0151E95D25CC201D003E6BB8 /* AccountDetailViewController.swift in Sources */ = {isa = PBXBuildFile; fileRef = 0151E95C25CC201D003E6BB8 /* AccountDetailViewController.swift */; };
		0151E96525CC2109003E6BB8 /* CalendarDetailViewController.swift in Sources */ = {isa = PBXBuildFile; fileRef = 0151E96425CC2109003E6BB8 /* CalendarDetailViewController.swift */; };
		0151E96A25CC2122003E6BB8 /* SyncQueueDetailViewController.swift in Sources */ = {isa = PBXBuildFile; fileRef = 0151E96925CC2122003E6BB8 /* SyncQueueDetailViewController.swift */; };
/* End PBXBuildFile section */

/* Begin PBXContainerItemProxy section */
		0151E91825CBA80A003E6BB8 /* PBXContainerItemProxy */ = {
			isa = PBXContainerItemProxy;
			containerPortal = 0151E8FD25CBA808003E6BB8 /* Project object */;
			proxyType = 1;
			remoteGlobalIDString = 0151E90425CBA808003E6BB8;
			remoteInfo = LogViewer;
		};
		0151E92325CBA80A003E6BB8 /* PBXContainerItemProxy */ = {
			isa = PBXContainerItemProxy;
			containerPortal = 0151E8FD25CBA808003E6BB8 /* Project object */;
			proxyType = 1;
			remoteGlobalIDString = 0151E90425CBA808003E6BB8;
			remoteInfo = LogViewer;
		};
/* End PBXContainerItemProxy section */

/* Begin PBXFileReference section */
		012EB20425CCB1040048EC79 /* MainWindowController.swift */ = {isa = PBXFileReference; lastKnownFileType = sourcecode.swift; path = MainWindowController.swift; sourceTree = "<group>"; };
		0151E90525CBA808003E6BB8 /* LogViewer.app */ = {isa = PBXFileReference; explicitFileType = wrapper.application; includeInIndex = 0; path = LogViewer.app; sourceTree = BUILT_PRODUCTS_DIR; };
		0151E90825CBA808003E6BB8 /* AppDelegate.swift */ = {isa = PBXFileReference; lastKnownFileType = sourcecode.swift; path = AppDelegate.swift; sourceTree = "<group>"; };
		0151E90A25CBA808003E6BB8 /* ViewController.swift */ = {isa = PBXFileReference; lastKnownFileType = sourcecode.swift; path = ViewController.swift; sourceTree = "<group>"; };
		0151E90C25CBA80A003E6BB8 /* Assets.xcassets */ = {isa = PBXFileReference; lastKnownFileType = folder.assetcatalog; path = Assets.xcassets; sourceTree = "<group>"; };
		0151E90F25CBA80A003E6BB8 /* Base */ = {isa = PBXFileReference; lastKnownFileType = file.storyboard; name = Base; path = Base.lproj/Main.storyboard; sourceTree = "<group>"; };
		0151E91125CBA80A003E6BB8 /* Info.plist */ = {isa = PBXFileReference; lastKnownFileType = text.plist.xml; path = Info.plist; sourceTree = "<group>"; };
		0151E91225CBA80A003E6BB8 /* LogViewer.entitlements */ = {isa = PBXFileReference; lastKnownFileType = text.plist.entitlements; path = LogViewer.entitlements; sourceTree = "<group>"; };
		0151E91725CBA80A003E6BB8 /* LogViewerTests.xctest */ = {isa = PBXFileReference; explicitFileType = wrapper.cfbundle; includeInIndex = 0; path = LogViewerTests.xctest; sourceTree = BUILT_PRODUCTS_DIR; };
		0151E91B25CBA80A003E6BB8 /* LogViewerTests.swift */ = {isa = PBXFileReference; lastKnownFileType = sourcecode.swift; path = LogViewerTests.swift; sourceTree = "<group>"; };
		0151E91D25CBA80A003E6BB8 /* Info.plist */ = {isa = PBXFileReference; lastKnownFileType = text.plist.xml; path = Info.plist; sourceTree = "<group>"; };
		0151E92225CBA80A003E6BB8 /* LogViewerUITests.xctest */ = {isa = PBXFileReference; explicitFileType = wrapper.cfbundle; includeInIndex = 0; path = LogViewerUITests.xctest; sourceTree = BUILT_PRODUCTS_DIR; };
		0151E92625CBA80A003E6BB8 /* LogViewerUITests.swift */ = {isa = PBXFileReference; lastKnownFileType = sourcecode.swift; path = LogViewerUITests.swift; sourceTree = "<group>"; };
		0151E92825CBA80A003E6BB8 /* Info.plist */ = {isa = PBXFileReference; lastKnownFileType = text.plist.xml; path = Info.plist; sourceTree = "<group>"; };
		0151E93725CBA8A1003E6BB8 /* LogReaderOperation.swift */ = {isa = PBXFileReference; lastKnownFileType = sourcecode.swift; path = LogReaderOperation.swift; sourceTree = "<group>"; };
		0151E94225CBB3C4003E6BB8 /* Log.swift */ = {isa = PBXFileReference; lastKnownFileType = sourcecode.swift; path = Log.swift; sourceTree = "<group>"; };
		0151E95225CC11E0003E6BB8 /* SourceListViewController.swift */ = {isa = PBXFileReference; lastKnownFileType = sourcecode.swift; path = SourceListViewController.swift; sourceTree = "<group>"; };
		0151E95725CC1DC7003E6BB8 /* DetailTabViewController.swift */ = {isa = PBXFileReference; lastKnownFileType = sourcecode.swift; path = DetailTabViewController.swift; sourceTree = "<group>"; };
		0151E95C25CC201D003E6BB8 /* AccountDetailViewController.swift */ = {isa = PBXFileReference; lastKnownFileType = sourcecode.swift; path = AccountDetailViewController.swift; sourceTree = "<group>"; };
		0151E96425CC2109003E6BB8 /* CalendarDetailViewController.swift */ = {isa = PBXFileReference; lastKnownFileType = sourcecode.swift; path = CalendarDetailViewController.swift; sourceTree = "<group>"; };
		0151E96925CC2122003E6BB8 /* SyncQueueDetailViewController.swift */ = {isa = PBXFileReference; lastKnownFileType = sourcecode.swift; path = SyncQueueDetailViewController.swift; sourceTree = "<group>"; };
/* End PBXFileReference section */

/* Begin PBXFrameworksBuildPhase section */
		0151E90225CBA808003E6BB8 /* Frameworks */ = {
			isa = PBXFrameworksBuildPhase;
			buildActionMask = 2147483647;
			files = (
				0151E93E25CBA91B003E6BB8 /* Zip in Frameworks */,
			);
			runOnlyForDeploymentPostprocessing = 0;
		};
		0151E91425CBA80A003E6BB8 /* Frameworks */ = {
			isa = PBXFrameworksBuildPhase;
			buildActionMask = 2147483647;
			files = (
			);
			runOnlyForDeploymentPostprocessing = 0;
		};
		0151E91F25CBA80A003E6BB8 /* Frameworks */ = {
			isa = PBXFrameworksBuildPhase;
			buildActionMask = 2147483647;
			files = (
			);
			runOnlyForDeploymentPostprocessing = 0;
		};
/* End PBXFrameworksBuildPhase section */

/* Begin PBXGroup section */
		012EB21125CCDC700048EC79 /* Model */ = {
			isa = PBXGroup;
			children = (
				0151E93725CBA8A1003E6BB8 /* LogReaderOperation.swift */,
				0151E94225CBB3C4003E6BB8 /* Log.swift */,
			);
			name = Model;
			sourceTree = "<group>";
		};
		012EB21225CCDC890048EC79 /* Controller */ = {
			isa = PBXGroup;
			children = (
				0151E90A25CBA808003E6BB8 /* ViewController.swift */,
				012EB20425CCB1040048EC79 /* MainWindowController.swift */,
				012EB21425CCDCBC0048EC79 /* Master */,
				012EB21325CCDCA60048EC79 /* Detail */,
			);
			name = Controller;
			sourceTree = "<group>";
		};
		012EB21325CCDCA60048EC79 /* Detail */ = {
			isa = PBXGroup;
			children = (
				0151E95725CC1DC7003E6BB8 /* DetailTabViewController.swift */,
				0151E95C25CC201D003E6BB8 /* AccountDetailViewController.swift */,
				0151E96425CC2109003E6BB8 /* CalendarDetailViewController.swift */,
				0151E96925CC2122003E6BB8 /* SyncQueueDetailViewController.swift */,
			);
			name = Detail;
			sourceTree = "<group>";
		};
		012EB21425CCDCBC0048EC79 /* Master */ = {
			isa = PBXGroup;
			children = (
				0151E95225CC11E0003E6BB8 /* SourceListViewController.swift */,
			);
			name = Master;
			sourceTree = "<group>";
		};
		0151E8FC25CBA808003E6BB8 = {
			isa = PBXGroup;
			children = (
				0151E90725CBA808003E6BB8 /* LogViewer */,
				0151E91A25CBA80A003E6BB8 /* LogViewerTests */,
				0151E92525CBA80A003E6BB8 /* LogViewerUITests */,
				0151E90625CBA808003E6BB8 /* Products */,
			);
			sourceTree = "<group>";
		};
		0151E90625CBA808003E6BB8 /* Products */ = {
			isa = PBXGroup;
			children = (
				0151E90525CBA808003E6BB8 /* LogViewer.app */,
				0151E91725CBA80A003E6BB8 /* LogViewerTests.xctest */,
				0151E92225CBA80A003E6BB8 /* LogViewerUITests.xctest */,
			);
			name = Products;
			sourceTree = "<group>";
		};
		0151E90725CBA808003E6BB8 /* LogViewer */ = {
			isa = PBXGroup;
			children = (
				012EB21125CCDC700048EC79 /* Model */,
				012EB21225CCDC890048EC79 /* Controller */,
				0151E90825CBA808003E6BB8 /* AppDelegate.swift */,
				0151E90C25CBA80A003E6BB8 /* Assets.xcassets */,
				0151E90E25CBA80A003E6BB8 /* Main.storyboard */,
				0151E91125CBA80A003E6BB8 /* Info.plist */,
				0151E91225CBA80A003E6BB8 /* LogViewer.entitlements */,
			);
			path = LogViewer;
			sourceTree = "<group>";
		};
		0151E91A25CBA80A003E6BB8 /* LogViewerTests */ = {
			isa = PBXGroup;
			children = (
				0151E91B25CBA80A003E6BB8 /* LogViewerTests.swift */,
				0151E91D25CBA80A003E6BB8 /* Info.plist */,
			);
			path = LogViewerTests;
			sourceTree = "<group>";
		};
		0151E92525CBA80A003E6BB8 /* LogViewerUITests */ = {
			isa = PBXGroup;
			children = (
				0151E92625CBA80A003E6BB8 /* LogViewerUITests.swift */,
				0151E92825CBA80A003E6BB8 /* Info.plist */,
			);
			path = LogViewerUITests;
			sourceTree = "<group>";
		};
/* End PBXGroup section */

/* Begin PBXNativeTarget section */
		0151E90425CBA808003E6BB8 /* LogViewer */ = {
			isa = PBXNativeTarget;
			buildConfigurationList = 0151E92B25CBA80A003E6BB8 /* Build configuration list for PBXNativeTarget "LogViewer" */;
			buildPhases = (
				0151E90125CBA808003E6BB8 /* Sources */,
				0151E90225CBA808003E6BB8 /* Frameworks */,
				0151E90325CBA808003E6BB8 /* Resources */,
			);
			buildRules = (
			);
			dependencies = (
			);
			name = LogViewer;
			packageProductDependencies = (
				0151E93D25CBA91B003E6BB8 /* Zip */,
			);
			productName = LogViewer;
			productReference = 0151E90525CBA808003E6BB8 /* LogViewer.app */;
			productType = "com.apple.product-type.application";
		};
		0151E91625CBA80A003E6BB8 /* LogViewerTests */ = {
			isa = PBXNativeTarget;
			buildConfigurationList = 0151E92E25CBA80A003E6BB8 /* Build configuration list for PBXNativeTarget "LogViewerTests" */;
			buildPhases = (
				0151E91325CBA80A003E6BB8 /* Sources */,
				0151E91425CBA80A003E6BB8 /* Frameworks */,
				0151E91525CBA80A003E6BB8 /* Resources */,
			);
			buildRules = (
			);
			dependencies = (
				0151E91925CBA80A003E6BB8 /* PBXTargetDependency */,
			);
			name = LogViewerTests;
			productName = LogViewerTests;
			productReference = 0151E91725CBA80A003E6BB8 /* LogViewerTests.xctest */;
			productType = "com.apple.product-type.bundle.unit-test";
		};
		0151E92125CBA80A003E6BB8 /* LogViewerUITests */ = {
			isa = PBXNativeTarget;
			buildConfigurationList = 0151E93125CBA80A003E6BB8 /* Build configuration list for PBXNativeTarget "LogViewerUITests" */;
			buildPhases = (
				0151E91E25CBA80A003E6BB8 /* Sources */,
				0151E91F25CBA80A003E6BB8 /* Frameworks */,
				0151E92025CBA80A003E6BB8 /* Resources */,
			);
			buildRules = (
			);
			dependencies = (
				0151E92425CBA80A003E6BB8 /* PBXTargetDependency */,
			);
			name = LogViewerUITests;
			productName = LogViewerUITests;
			productReference = 0151E92225CBA80A003E6BB8 /* LogViewerUITests.xctest */;
			productType = "com.apple.product-type.bundle.ui-testing";
		};
/* End PBXNativeTarget section */

/* Begin PBXProject section */
		0151E8FD25CBA808003E6BB8 /* Project object */ = {
			isa = PBXProject;
			attributes = {
				LastSwiftUpdateCheck = 1230;
				LastUpgradeCheck = 1230;
				TargetAttributes = {
					0151E90425CBA808003E6BB8 = {
						CreatedOnToolsVersion = 12.3;
					};
					0151E91625CBA80A003E6BB8 = {
						CreatedOnToolsVersion = 12.3;
						TestTargetID = 0151E90425CBA808003E6BB8;
					};
					0151E92125CBA80A003E6BB8 = {
						CreatedOnToolsVersion = 12.3;
						TestTargetID = 0151E90425CBA808003E6BB8;
					};
				};
			};
			buildConfigurationList = 0151E90025CBA808003E6BB8 /* Build configuration list for PBXProject "LogViewer" */;
			compatibilityVersion = "Xcode 9.3";
			developmentRegion = en;
			hasScannedForEncodings = 0;
			knownRegions = (
				en,
				Base,
			);
			mainGroup = 0151E8FC25CBA808003E6BB8;
			packageReferences = (
				0151E93C25CBA91B003E6BB8 /* XCRemoteSwiftPackageReference "Zip" */,
			);
			productRefGroup = 0151E90625CBA808003E6BB8 /* Products */;
			projectDirPath = "";
			projectRoot = "";
			targets = (
				0151E90425CBA808003E6BB8 /* LogViewer */,
				0151E91625CBA80A003E6BB8 /* LogViewerTests */,
				0151E92125CBA80A003E6BB8 /* LogViewerUITests */,
			);
		};
/* End PBXProject section */

/* Begin PBXResourcesBuildPhase section */
		0151E90325CBA808003E6BB8 /* Resources */ = {
			isa = PBXResourcesBuildPhase;
			buildActionMask = 2147483647;
			files = (
				0151E90D25CBA80A003E6BB8 /* Assets.xcassets in Resources */,
				0151E91025CBA80A003E6BB8 /* Main.storyboard in Resources */,
			);
			runOnlyForDeploymentPostprocessing = 0;
		};
		0151E91525CBA80A003E6BB8 /* Resources */ = {
			isa = PBXResourcesBuildPhase;
			buildActionMask = 2147483647;
			files = (
			);
			runOnlyForDeploymentPostprocessing = 0;
		};
		0151E92025CBA80A003E6BB8 /* Resources */ = {
			isa = PBXResourcesBuildPhase;
			buildActionMask = 2147483647;
			files = (
			);
			runOnlyForDeploymentPostprocessing = 0;
		};
/* End PBXResourcesBuildPhase section */

/* Begin PBXSourcesBuildPhase section */
		0151E90125CBA808003E6BB8 /* Sources */ = {
			isa = PBXSourcesBuildPhase;
			buildActionMask = 2147483647;
			files = (
				0151E93825CBA8A1003E6BB8 /* LogReaderOperation.swift in Sources */,
				0151E90B25CBA808003E6BB8 /* ViewController.swift in Sources */,
				0151E94325CBB3C4003E6BB8 /* Log.swift in Sources */,
				0151E95D25CC201D003E6BB8 /* AccountDetailViewController.swift in Sources */,
				012EB20525CCB1040048EC79 /* MainWindowController.swift in Sources */,
				0151E90925CBA808003E6BB8 /* AppDelegate.swift in Sources */,
				0151E96525CC2109003E6BB8 /* CalendarDetailViewController.swift in Sources */,
				0151E96A25CC2122003E6BB8 /* SyncQueueDetailViewController.swift in Sources */,
				0151E95325CC11E0003E6BB8 /* SourceListViewController.swift in Sources */,
				0151E95825CC1DC7003E6BB8 /* DetailTabViewController.swift in Sources */,
			);
			runOnlyForDeploymentPostprocessing = 0;
		};
		0151E91325CBA80A003E6BB8 /* Sources */ = {
			isa = PBXSourcesBuildPhase;
			buildActionMask = 2147483647;
			files = (
				0151E91C25CBA80A003E6BB8 /* LogViewerTests.swift in Sources */,
			);
			runOnlyForDeploymentPostprocessing = 0;
		};
		0151E91E25CBA80A003E6BB8 /* Sources */ = {
			isa = PBXSourcesBuildPhase;
			buildActionMask = 2147483647;
			files = (
				0151E92725CBA80A003E6BB8 /* LogViewerUITests.swift in Sources */,
			);
			runOnlyForDeploymentPostprocessing = 0;
		};
/* End PBXSourcesBuildPhase section */

/* Begin PBXTargetDependency section */
		0151E91925CBA80A003E6BB8 /* PBXTargetDependency */ = {
			isa = PBXTargetDependency;
			target = 0151E90425CBA808003E6BB8 /* LogViewer */;
			targetProxy = 0151E91825CBA80A003E6BB8 /* PBXContainerItemProxy */;
		};
		0151E92425CBA80A003E6BB8 /* PBXTargetDependency */ = {
			isa = PBXTargetDependency;
			target = 0151E90425CBA808003E6BB8 /* LogViewer */;
			targetProxy = 0151E92325CBA80A003E6BB8 /* PBXContainerItemProxy */;
		};
/* End PBXTargetDependency section */

/* Begin PBXVariantGroup section */
		0151E90E25CBA80A003E6BB8 /* Main.storyboard */ = {
			isa = PBXVariantGroup;
			children = (
				0151E90F25CBA80A003E6BB8 /* Base */,
			);
			name = Main.storyboard;
			sourceTree = "<group>";
		};
/* End PBXVariantGroup section */

/* Begin XCBuildConfiguration section */
		0151E92925CBA80A003E6BB8 /* Debug */ = {
			isa = XCBuildConfiguration;
			buildSettings = {
				ALWAYS_SEARCH_USER_PATHS = NO;
				CLANG_ANALYZER_NONNULL = YES;
				CLANG_ANALYZER_NUMBER_OBJECT_CONVERSION = YES_AGGRESSIVE;
				CLANG_CXX_LANGUAGE_STANDARD = "gnu++14";
				CLANG_CXX_LIBRARY = "libc++";
				CLANG_ENABLE_MODULES = YES;
				CLANG_ENABLE_OBJC_ARC = YES;
				CLANG_ENABLE_OBJC_WEAK = YES;
				CLANG_WARN_BLOCK_CAPTURE_AUTORELEASING = YES;
				CLANG_WARN_BOOL_CONVERSION = YES;
				CLANG_WARN_COMMA = YES;
				CLANG_WARN_CONSTANT_CONVERSION = YES;
				CLANG_WARN_DEPRECATED_OBJC_IMPLEMENTATIONS = YES;
				CLANG_WARN_DIRECT_OBJC_ISA_USAGE = YES_ERROR;
				CLANG_WARN_DOCUMENTATION_COMMENTS = YES;
				CLANG_WARN_EMPTY_BODY = YES;
				CLANG_WARN_ENUM_CONVERSION = YES;
				CLANG_WARN_INFINITE_RECURSION = YES;
				CLANG_WARN_INT_CONVERSION = YES;
				CLANG_WARN_NON_LITERAL_NULL_CONVERSION = YES;
				CLANG_WARN_OBJC_IMPLICIT_RETAIN_SELF = YES;
				CLANG_WARN_OBJC_LITERAL_CONVERSION = YES;
				CLANG_WARN_OBJC_ROOT_CLASS = YES_ERROR;
				CLANG_WARN_QUOTED_INCLUDE_IN_FRAMEWORK_HEADER = YES;
				CLANG_WARN_RANGE_LOOP_ANALYSIS = YES;
				CLANG_WARN_STRICT_PROTOTYPES = YES;
				CLANG_WARN_SUSPICIOUS_MOVE = YES;
				CLANG_WARN_UNGUARDED_AVAILABILITY = YES_AGGRESSIVE;
				CLANG_WARN_UNREACHABLE_CODE = YES;
				CLANG_WARN__DUPLICATE_METHOD_MATCH = YES;
				COPY_PHASE_STRIP = NO;
				DEBUG_INFORMATION_FORMAT = dwarf;
				ENABLE_STRICT_OBJC_MSGSEND = YES;
				ENABLE_TESTABILITY = YES;
				GCC_C_LANGUAGE_STANDARD = gnu11;
				GCC_DYNAMIC_NO_PIC = NO;
				GCC_NO_COMMON_BLOCKS = YES;
				GCC_OPTIMIZATION_LEVEL = 0;
				GCC_PREPROCESSOR_DEFINITIONS = (
					"DEBUG=1",
					"$(inherited)",
				);
				GCC_WARN_64_TO_32_BIT_CONVERSION = YES;
				GCC_WARN_ABOUT_RETURN_TYPE = YES_ERROR;
				GCC_WARN_UNDECLARED_SELECTOR = YES;
				GCC_WARN_UNINITIALIZED_AUTOS = YES_AGGRESSIVE;
				GCC_WARN_UNUSED_FUNCTION = YES;
				GCC_WARN_UNUSED_VARIABLE = YES;
				MACOSX_DEPLOYMENT_TARGET = 11.1;
				MTL_ENABLE_DEBUG_INFO = INCLUDE_SOURCE;
				MTL_FAST_MATH = YES;
				ONLY_ACTIVE_ARCH = YES;
				SDKROOT = macosx;
				SWIFT_ACTIVE_COMPILATION_CONDITIONS = DEBUG;
				SWIFT_OPTIMIZATION_LEVEL = "-Onone";
			};
			name = Debug;
		};
		0151E92A25CBA80A003E6BB8 /* Release */ = {
			isa = XCBuildConfiguration;
			buildSettings = {
				ALWAYS_SEARCH_USER_PATHS = NO;
				CLANG_ANALYZER_NONNULL = YES;
				CLANG_ANALYZER_NUMBER_OBJECT_CONVERSION = YES_AGGRESSIVE;
				CLANG_CXX_LANGUAGE_STANDARD = "gnu++14";
				CLANG_CXX_LIBRARY = "libc++";
				CLANG_ENABLE_MODULES = YES;
				CLANG_ENABLE_OBJC_ARC = YES;
				CLANG_ENABLE_OBJC_WEAK = YES;
				CLANG_WARN_BLOCK_CAPTURE_AUTORELEASING = YES;
				CLANG_WARN_BOOL_CONVERSION = YES;
				CLANG_WARN_COMMA = YES;
				CLANG_WARN_CONSTANT_CONVERSION = YES;
				CLANG_WARN_DEPRECATED_OBJC_IMPLEMENTATIONS = YES;
				CLANG_WARN_DIRECT_OBJC_ISA_USAGE = YES_ERROR;
				CLANG_WARN_DOCUMENTATION_COMMENTS = YES;
				CLANG_WARN_EMPTY_BODY = YES;
				CLANG_WARN_ENUM_CONVERSION = YES;
				CLANG_WARN_INFINITE_RECURSION = YES;
				CLANG_WARN_INT_CONVERSION = YES;
				CLANG_WARN_NON_LITERAL_NULL_CONVERSION = YES;
				CLANG_WARN_OBJC_IMPLICIT_RETAIN_SELF = YES;
				CLANG_WARN_OBJC_LITERAL_CONVERSION = YES;
				CLANG_WARN_OBJC_ROOT_CLASS = YES_ERROR;
				CLANG_WARN_QUOTED_INCLUDE_IN_FRAMEWORK_HEADER = YES;
				CLANG_WARN_RANGE_LOOP_ANALYSIS = YES;
				CLANG_WARN_STRICT_PROTOTYPES = YES;
				CLANG_WARN_SUSPICIOUS_MOVE = YES;
				CLANG_WARN_UNGUARDED_AVAILABILITY = YES_AGGRESSIVE;
				CLANG_WARN_UNREACHABLE_CODE = YES;
				CLANG_WARN__DUPLICATE_METHOD_MATCH = YES;
				COPY_PHASE_STRIP = NO;
				DEBUG_INFORMATION_FORMAT = "dwarf-with-dsym";
				ENABLE_NS_ASSERTIONS = NO;
				ENABLE_STRICT_OBJC_MSGSEND = YES;
				GCC_C_LANGUAGE_STANDARD = gnu11;
				GCC_NO_COMMON_BLOCKS = YES;
				GCC_WARN_64_TO_32_BIT_CONVERSION = YES;
				GCC_WARN_ABOUT_RETURN_TYPE = YES_ERROR;
				GCC_WARN_UNDECLARED_SELECTOR = YES;
				GCC_WARN_UNINITIALIZED_AUTOS = YES_AGGRESSIVE;
				GCC_WARN_UNUSED_FUNCTION = YES;
				GCC_WARN_UNUSED_VARIABLE = YES;
				MACOSX_DEPLOYMENT_TARGET = 11.1;
				MTL_ENABLE_DEBUG_INFO = NO;
				MTL_FAST_MATH = YES;
				SDKROOT = macosx;
				SWIFT_COMPILATION_MODE = wholemodule;
				SWIFT_OPTIMIZATION_LEVEL = "-O";
			};
			name = Release;
		};
		0151E92C25CBA80A003E6BB8 /* Debug */ = {
			isa = XCBuildConfiguration;
			buildSettings = {
				ASSETCATALOG_COMPILER_APPICON_NAME = AppIcon;
				ASSETCATALOG_COMPILER_GLOBAL_ACCENT_COLOR_NAME = AccentColor;
				CODE_SIGN_ENTITLEMENTS = LogViewer/LogViewer.entitlements;
				CODE_SIGN_STYLE = Automatic;
				COMBINE_HIDPI_IMAGES = YES;
				INFOPLIST_FILE = LogViewer/Info.plist;
				LD_RUNPATH_SEARCH_PATHS = (
					"$(inherited)",
					"@executable_path/../Frameworks",
				);
				PRODUCT_BUNDLE_IDENTIFIER = com.flexibits.LogViewer.LogViewer;
				PRODUCT_NAME = "$(TARGET_NAME)";
				SWIFT_VERSION = 5.0;
			};
			name = Debug;
		};
		0151E92D25CBA80A003E6BB8 /* Release */ = {
			isa = XCBuildConfiguration;
			buildSettings = {
				ASSETCATALOG_COMPILER_APPICON_NAME = AppIcon;
				ASSETCATALOG_COMPILER_GLOBAL_ACCENT_COLOR_NAME = AccentColor;
				CODE_SIGN_ENTITLEMENTS = LogViewer/LogViewer.entitlements;
				CODE_SIGN_STYLE = Automatic;
				COMBINE_HIDPI_IMAGES = YES;
				INFOPLIST_FILE = LogViewer/Info.plist;
				LD_RUNPATH_SEARCH_PATHS = (
					"$(inherited)",
					"@executable_path/../Frameworks",
				);
				PRODUCT_BUNDLE_IDENTIFIER = com.flexibits.LogViewer.LogViewer;
				PRODUCT_NAME = "$(TARGET_NAME)";
				SWIFT_VERSION = 5.0;
			};
			name = Release;
		};
		0151E92F25CBA80A003E6BB8 /* Debug */ = {
			isa = XCBuildConfiguration;
			buildSettings = {
				ALWAYS_EMBED_SWIFT_STANDARD_LIBRARIES = YES;
				BUNDLE_LOADER = "$(TEST_HOST)";
				CODE_SIGN_STYLE = Automatic;
				COMBINE_HIDPI_IMAGES = YES;
				INFOPLIST_FILE = LogViewerTests/Info.plist;
				LD_RUNPATH_SEARCH_PATHS = (
					"$(inherited)",
					"@executable_path/../Frameworks",
					"@loader_path/../Frameworks",
				);
				MACOSX_DEPLOYMENT_TARGET = 11.1;
				PRODUCT_BUNDLE_IDENTIFIER = com.flexibits.LogViewer.LogViewerTests;
				PRODUCT_NAME = "$(TARGET_NAME)";
				SWIFT_VERSION = 5.0;
				TEST_HOST = "$(BUILT_PRODUCTS_DIR)/LogViewer.app/Contents/MacOS/LogViewer";
			};
			name = Debug;
		};
		0151E93025CBA80A003E6BB8 /* Release */ = {
			isa = XCBuildConfiguration;
			buildSettings = {
				ALWAYS_EMBED_SWIFT_STANDARD_LIBRARIES = YES;
				BUNDLE_LOADER = "$(TEST_HOST)";
				CODE_SIGN_STYLE = Automatic;
				COMBINE_HIDPI_IMAGES = YES;
				INFOPLIST_FILE = LogViewerTests/Info.plist;
				LD_RUNPATH_SEARCH_PATHS = (
					"$(inherited)",
					"@executable_path/../Frameworks",
					"@loader_path/../Frameworks",
				);
				MACOSX_DEPLOYMENT_TARGET = 11.1;
				PRODUCT_BUNDLE_IDENTIFIER = com.flexibits.LogViewer.LogViewerTests;
				PRODUCT_NAME = "$(TARGET_NAME)";
				SWIFT_VERSION = 5.0;
				TEST_HOST = "$(BUILT_PRODUCTS_DIR)/LogViewer.app/Contents/MacOS/LogViewer";
			};
			name = Release;
		};
		0151E93225CBA80A003E6BB8 /* Debug */ = {
			isa = XCBuildConfiguration;
			buildSettings = {
				ALWAYS_EMBED_SWIFT_STANDARD_LIBRARIES = YES;
				CODE_SIGN_STYLE = Automatic;
				COMBINE_HIDPI_IMAGES = YES;
				INFOPLIST_FILE = LogViewerUITests/Info.plist;
				LD_RUNPATH_SEARCH_PATHS = (
					"$(inherited)",
					"@executable_path/../Frameworks",
					"@loader_path/../Frameworks",
				);
				PRODUCT_BUNDLE_IDENTIFIER = com.flexibits.LogViewer.LogViewerUITests;
				PRODUCT_NAME = "$(TARGET_NAME)";
				SWIFT_VERSION = 5.0;
				TEST_TARGET_NAME = LogViewer;
			};
			name = Debug;
		};
		0151E93325CBA80A003E6BB8 /* Release */ = {
			isa = XCBuildConfiguration;
			buildSettings = {
				ALWAYS_EMBED_SWIFT_STANDARD_LIBRARIES = YES;
				CODE_SIGN_STYLE = Automatic;
				COMBINE_HIDPI_IMAGES = YES;
				INFOPLIST_FILE = LogViewerUITests/Info.plist;
				LD_RUNPATH_SEARCH_PATHS = (
					"$(inherited)",
					"@executable_path/../Frameworks",
					"@loader_path/../Frameworks",
				);
				PRODUCT_BUNDLE_IDENTIFIER = com.flexibits.LogViewer.LogViewerUITests;
				PRODUCT_NAME = "$(TARGET_NAME)";
				SWIFT_VERSION = 5.0;
				TEST_TARGET_NAME = LogViewer;
			};
			name = Release;
		};
/* End XCBuildConfiguration section */

/* Begin XCConfigurationList section */
		0151E90025CBA808003E6BB8 /* Build configuration list for PBXProject "LogViewer" */ = {
			isa = XCConfigurationList;
			buildConfigurations = (
				0151E92925CBA80A003E6BB8 /* Debug */,
				0151E92A25CBA80A003E6BB8 /* Release */,
			);
			defaultConfigurationIsVisible = 0;
			defaultConfigurationName = Release;
		};
		0151E92B25CBA80A003E6BB8 /* Build configuration list for PBXNativeTarget "LogViewer" */ = {
			isa = XCConfigurationList;
			buildConfigurations = (
				0151E92C25CBA80A003E6BB8 /* Debug */,
				0151E92D25CBA80A003E6BB8 /* Release */,
			);
			defaultConfigurationIsVisible = 0;
			defaultConfigurationName = Release;
		};
		0151E92E25CBA80A003E6BB8 /* Build configuration list for PBXNativeTarget "LogViewerTests" */ = {
			isa = XCConfigurationList;
			buildConfigurations = (
				0151E92F25CBA80A003E6BB8 /* Debug */,
				0151E93025CBA80A003E6BB8 /* Release */,
			);
			defaultConfigurationIsVisible = 0;
			defaultConfigurationName = Release;
		};
		0151E93125CBA80A003E6BB8 /* Build configuration list for PBXNativeTarget "LogViewerUITests" */ = {
			isa = XCConfigurationList;
			buildConfigurations = (
				0151E93225CBA80A003E6BB8 /* Debug */,
				0151E93325CBA80A003E6BB8 /* Release */,
			);
			defaultConfigurationIsVisible = 0;
			defaultConfigurationName = Release;
		};
/* End XCConfigurationList section */

/* Begin XCRemoteSwiftPackageReference section */
		0151E93C25CBA91B003E6BB8 /* XCRemoteSwiftPackageReference "Zip" */ = {
			isa = XCRemoteSwiftPackageReference;
			repositoryURL = "https://github.com/marmelroy/Zip";
			requirement = {
				kind = upToNextMajorVersion;
				minimumVersion = 2.1.1;
			};
		};
/* End XCRemoteSwiftPackageReference section */

/* Begin XCSwiftPackageProductDependency section */
		0151E93D25CBA91B003E6BB8 /* Zip */ = {
			isa = XCSwiftPackageProductDependency;
			package = 0151E93C25CBA91B003E6BB8 /* XCRemoteSwiftPackageReference "Zip" */;
			productName = Zip;
		};
/* End XCSwiftPackageProductDependency section */
	};
	rootObject = 0151E8FD25CBA808003E6BB8 /* Project object */;
}
